# THIS IS AN AUTOGENERATED FILE. DO NOT EDIT THIS FILE DIRECTLY.
# yarn lockfile v1


"@cspotcode/source-map-consumer@0.8.0":
  version "0.8.0"
  resolved "https://registry.yarnpkg.com/@cspotcode/source-map-consumer/-/source-map-consumer-0.8.0.tgz#33bf4b7b39c178821606f669bbc447a6a629786b"
  integrity sha512-41qniHzTU8yAGbCp04ohlmSrZf8bkf/iJsl3V0dRGsQN/5GFfx+LbCSsCpp2gqrqjTVg/K6O8ycoV35JIwAzAg==

"@cspotcode/source-map-support@0.7.0":
  version "0.7.0"
  resolved "https://registry.yarnpkg.com/@cspotcode/source-map-support/-/source-map-support-0.7.0.tgz#4789840aa859e46d2f3173727ab707c66bf344f5"
  integrity sha512-X4xqRHqN8ACt2aHVe51OxeA2HjbcL4MqFqXkrmQszJ1NOUuUu5u6Vqx/0lZSVNku7velL5FC/s5uEAj1lsBMhA==
  dependencies:
    "@cspotcode/source-map-consumer" "0.8.0"

"@tsconfig/node10@^1.0.7":
  version "1.0.8"
  resolved "https://registry.yarnpkg.com/@tsconfig/node10/-/node10-1.0.8.tgz#c1e4e80d6f964fbecb3359c43bd48b40f7cadad9"
  integrity sha512-6XFfSQmMgq0CFLY1MslA/CPUfhIL919M1rMsa5lP2P097N2Wd1sSX0tx1u4olM16fLNhtHZpRhedZJphNJqmZg==

"@tsconfig/node12@^1.0.7":
  version "1.0.9"
  resolved "https://registry.yarnpkg.com/@tsconfig/node12/-/node12-1.0.9.tgz#62c1f6dee2ebd9aead80dc3afa56810e58e1a04c"
  integrity sha512-/yBMcem+fbvhSREH+s14YJi18sp7J9jpuhYByADT2rypfajMZZN4WQ6zBGgBKp53NKmqI36wFYDb3yaMPurITw==

"@tsconfig/node14@^1.0.0":
  version "1.0.1"
  resolved "https://registry.yarnpkg.com/@tsconfig/node14/-/node14-1.0.1.tgz#95f2d167ffb9b8d2068b0b235302fafd4df711f2"
  integrity sha512-509r2+yARFfHHE7T6Puu2jjkoycftovhXRqW328PDXTVGKihlb1P8Z9mMZH04ebyajfRY7dedfGynlrFHJUQCg==

"@tsconfig/node16@^1.0.2":
  version "1.0.2"
  resolved "https://registry.yarnpkg.com/@tsconfig/node16/-/node16-1.0.2.tgz#423c77877d0569db20e1fc80885ac4118314010e"
  integrity sha512-eZxlbI8GZscaGS7kkc/trHTT5xgrjH3/1n2JDwusC9iahPKWMRvRjJSAN5mCXviuTGQ/lHnhvv8Q1YTpnfz9gA==

acorn-walk@^8.1.1:
  version "8.2.0"
  resolved "https://registry.yarnpkg.com/acorn-walk/-/acorn-walk-8.2.0.tgz#741210f2e2426454508853a2f44d0ab83b7f69c1"
  integrity sha512-k+iyHEuPgSw6SbuDpGQM+06HQUa04DZ3o+F6CSzXMvvI5KMvnaEqXe+YVe555R9nn6GPt404fos4wcgpw12SDA==

acorn@^8.4.1:
  version "8.7.0"
  resolved "https://registry.yarnpkg.com/acorn/-/acorn-8.7.0.tgz#90951fde0f8f09df93549481e5fc141445b791cf"
  integrity sha512-V/LGr1APy+PXIwKebEWrkZPwoeoF+w1jiOBUmuxuiUIaOHtob8Qc9BTrYo7VuI5fR8tqsy+buA2WFooR5olqvQ==

arg@^4.1.0:
  version "4.1.3"
  resolved "https://registry.yarnpkg.com/arg/-/arg-4.1.3.tgz#269fc7ad5b8e42cb63c896d5666017261c144089"
  integrity sha512-58S9QDqG0Xx27YwPSt9fJxivjYl432YCwfDMfZ+71RAqUrZef7LrKQZ3LHLOwCS4FLNBplP533Zx895SeOCHvA==

binaryen@^105.0.0:
  version "105.0.0"
  resolved "https://registry.yarnpkg.com/binaryen/-/binaryen-105.0.0.tgz#78db8b517e9ad1c31229dbbcd48cdad70c6c1580"
  integrity sha512-4d8WX9M30cHHEDkCT+Dci9CT27TVIGwxOA6R/JXjgaKTGba90TuBNmoRmoZGE6eRF8YGICFD+GODom4/eUD0Zw==

create-require@^1.1.0:
  version "1.1.1"
  resolved "https://registry.yarnpkg.com/create-require/-/create-require-1.1.1.tgz#c1d7e8f1e5f6cfc9ff65f9cd352d37348756c333"
  integrity sha512-dcKFX3jn0MpIaXjisoRvexIJVEKzaq7z2rZKxf+MSr9TkdmHmsU4m2lcLojrj/FHl8mk5VxMmYA+ftRkP/3oKQ==

diff@^4.0.1:
  version "4.0.2"
  resolved "https://registry.yarnpkg.com/diff/-/diff-4.0.2.tgz#60f3aecb89d5fae520c11aa19efc2bb982aade7d"
  integrity sha512-58lmxKSA4BNyLz+HHMUzlOEpg09FV+ev6ZMe3vJihgdxzgcwZ8VoEEPmALCZG9LmqfVoNMMKpttIYTVG6uDY7A==

esbuild-android-arm64@0.14.18:
  version "0.14.18"
  resolved "https://registry.yarnpkg.com/esbuild-android-arm64/-/esbuild-android-arm64-0.14.18.tgz#027a1cd57e57c6219341e116c4ac41a9952d69d1"
  integrity sha512-AuE8vIwc6QLquwykyscFk0Ji3RFczoOvjka64FJlcjLLhD6VsS584RYlQrSnPpRkv69PunUvyrBoEF7JFTJijg==

esbuild-darwin-64@0.14.18:
  version "0.14.18"
  resolved "https://registry.yarnpkg.com/esbuild-darwin-64/-/esbuild-darwin-64-0.14.18.tgz#a219c50aa98b5bc08d7ce3677f5bae4b8aa5101b"
  integrity sha512-nN1XziZtDy8QYOggaXC3zu0vVh8YJpS8Bol7bHaxx0enTLDSFBCXUUJEKYpmAAJ4OZRPgjXv8NzEHHQWQvLzXg==

esbuild-darwin-arm64@0.14.18:
  version "0.14.18"
  resolved "https://registry.yarnpkg.com/esbuild-darwin-arm64/-/esbuild-darwin-arm64-0.14.18.tgz#eb2d17d33c5991c183c99843698182bb702eb592"
  integrity sha512-v0i2n6TCsbxco/W1fN8RgQt3RW00Q9zJO2eqiAdmLWg6Hx0HNHloZyfhF11i7nMUUgW8r5n++ZweIXjAFPE/gQ==

esbuild-freebsd-64@0.14.18:
  version "0.14.18"
  resolved "https://registry.yarnpkg.com/esbuild-freebsd-64/-/esbuild-freebsd-64-0.14.18.tgz#de06b6ce361bdf51fb66e59b220f67c4124cc728"
  integrity sha512-XLyJZTWbSuQJOqw867tBxvto6GjxULvWZYKs6RFHYQPCqgQ0ODLRtBmp4Fqqpde52yOe45npaaoup9IXNfr32A==

esbuild-freebsd-arm64@0.14.18:
  version "0.14.18"
  resolved "https://registry.yarnpkg.com/esbuild-freebsd-arm64/-/esbuild-freebsd-arm64-0.14.18.tgz#59bb55cd6ac1b2b3c43536c067d8356f4ae7e310"
  integrity sha512-0ItfrR8hePnDcUXxUQxY+VfICcBfeMJCdK6mcNUXnXw6LyHjyUYXWpFXF+J18pg1/YUWRWO1HbsJ7FEwELcQIA==

esbuild-linux-32@0.14.18:
  version "0.14.18"
  resolved "https://registry.yarnpkg.com/esbuild-linux-32/-/esbuild-linux-32-0.14.18.tgz#ff68f7ec7c8b8c7dddab4d6e65f1a1d0ff3ab0b9"
  integrity sha512-mnG84D9NsEsoQdBpBT0IsFjm5iAwnd81SP4tRMXZLl09lPvIWjHHSq6LDlb4+L5H5K5y68WC//X5Dr2MtNY3DQ==

esbuild-linux-64@0.14.18:
  version "0.14.18"
  resolved "https://registry.yarnpkg.com/esbuild-linux-64/-/esbuild-linux-64-0.14.18.tgz#d4083d9833580090452a095cd2216100d86f3c7a"
  integrity sha512-HvExRtkeA8l/p+7Lf6aBrnLH+jTCFJTUMJxGKExh2RD8lCXGTeDJFyP+BOEetP80fuuH+Syj79+LVQ9MihdBsg==

esbuild-linux-arm64@0.14.18:
  version "0.14.18"
  resolved "https://registry.yarnpkg.com/esbuild-linux-arm64/-/esbuild-linux-arm64-0.14.18.tgz#8ce21e188ab9fcdb512f4ada9a637014c1294bec"
  integrity sha512-CCWmilODE1ckw+M7RVqoqKWA4UB0alCyK2bv0ikEeEAwkzinlJeoe94t9CnT/ECSQ2sL+C16idsr+aUviGp7sg==

esbuild-linux-arm@0.14.18:
  version "0.14.18"
  resolved "https://registry.yarnpkg.com/esbuild-linux-arm/-/esbuild-linux-arm-0.14.18.tgz#a5e1d684c451f379b1dfef7b5a2dcad84cce3f79"
  integrity sha512-+ZL8xfXVNaeaZ2Kxqlw2VYZWRDZ7NSK4zOV9GKNAtkkWURLsPUU84aUOBatRe9BH1O5FDo3LLQSlaA04ed6lhA==

esbuild-linux-mips64le@0.14.18:
  version "0.14.18"
  resolved "https://registry.yarnpkg.com/esbuild-linux-mips64le/-/esbuild-linux-mips64le-0.14.18.tgz#c3890f178745a9c65bad64322be2b3611c240041"
  integrity sha512-8LjO4+6Vxz5gbyCHO4OONYMF689nLderCtzb8lG1Bncs4ZXHpo6bjvuWeTMRbGUkvAhp+P6hMTzia7RHOC53wQ==

esbuild-linux-ppc64le@0.14.18:
  version "0.14.18"
  resolved "https://registry.yarnpkg.com/esbuild-linux-ppc64le/-/esbuild-linux-ppc64le-0.14.18.tgz#a355f515ca84839f5301f8ef745a2b329105e232"
  integrity sha512-0OJk/6iYEmF1J7LXY6+cqf6Ga5vG4an7n1nubTKce7kYqaTyNGfYcTjDZce6lnDVlZTJtwntIMszq1+ZX7Kenw==

esbuild-linux-s390x@0.14.18:
  version "0.14.18"
  resolved "https://registry.yarnpkg.com/esbuild-linux-s390x/-/esbuild-linux-s390x-0.14.18.tgz#81721c22387912778c67495d0a34527f7a2cde66"
  integrity sha512-UNY7YKZHjY31KcNanJK4QaT2/aoIQyS+jViP3QuDRIoYAogRnc6WydylzIkkEzGMaC4fzaXOmQ8fxwpLAXK4Yg==

esbuild-netbsd-64@0.14.18:
  version "0.14.18"
  resolved "https://registry.yarnpkg.com/esbuild-netbsd-64/-/esbuild-netbsd-64-0.14.18.tgz#eaee109d527a58b582f8fa933d9cadf8840758c2"
  integrity sha512-wE/2xT9KNzLCfEBw24YbVmMmXH92cFIzrRPUlwWH9dIizjvEYYcyQ+peTMVkqzUum7pdlVLZ2CDDqAaZo/nW/w==

esbuild-openbsd-64@0.14.18:
  version "0.14.18"
  resolved "https://registry.yarnpkg.com/esbuild-openbsd-64/-/esbuild-openbsd-64-0.14.18.tgz#96a42615f5548529b7bb32d024bb9c6fb542778c"
  integrity sha512-vdymE2jyuH/FRmTvrguCYSrq81/rUwuhMYyvt/6ibv9ac7xQ674c8qTdT+RH73sR9/2WUD/NsYxrBA/wUVTxcg==

esbuild-sunos-64@0.14.18:
  version "0.14.18"
  resolved "https://registry.yarnpkg.com/esbuild-sunos-64/-/esbuild-sunos-64-0.14.18.tgz#869723d73a5f35ba2a4a6c043694d952bd4f831b"
  integrity sha512-X/Tesy6K1MdJF1d5cbzFDxrIMMn0ye+VgTQRI8P5Vo2CcKxOdckwsKUwpRAvg+VDZ6MxrSOTYS9OOoggPUjxTg==

esbuild-windows-32@0.14.18:
  version "0.14.18"
  resolved "https://registry.yarnpkg.com/esbuild-windows-32/-/esbuild-windows-32-0.14.18.tgz#197c8833ed0f6a82055ab63861777749d0ce95c0"
  integrity sha512-glG23I/JzCL4lu7DWFUtVwqFwNwlL0g+ks+mcjjUisHcINoSXTeCNToUN0bHhzn6IlXXnggNQ38Ew/idHPM8+g==

esbuild-windows-64@0.14.18:
  version "0.14.18"
  resolved "https://registry.yarnpkg.com/esbuild-windows-64/-/esbuild-windows-64-0.14.18.tgz#569832a99d87fc931a081fe7761c100578275be0"
  integrity sha512-zEiFKHgV/3z14wsVamV98/5mxeOwz+ecyg0pD3fWcBz9j4EOIT1Tg47axypD4QLwiKFvve9mUBYX1cD99qxOyw==

esbuild-windows-arm64@0.14.18:
  version "0.14.18"
  resolved "https://registry.yarnpkg.com/esbuild-windows-arm64/-/esbuild-windows-arm64-0.14.18.tgz#c1991848fca7b051d1d036d0723406da9696105d"
  integrity sha512-Mh8lZFcPLat13dABN7lZThGUOn9YxoH5RYkhBq0U3WqQohHzKRhllYh7ibFixnkpMLnv8OZEbl8bGLMy03MpfA==

esbuild@^0.14.18:
  version "0.14.18"
  resolved "https://registry.yarnpkg.com/esbuild/-/esbuild-0.14.18.tgz#9c5f58c506ec9e0ec335d20bcb3f9dbd086d0648"
  integrity sha512-vCUoISSltnX7ax01w70pWOSQT+e55o+2P/a+A9MSTukJAt3T4aDZajcjeG4fnZbkvOEv+dkKgdkvljz6vVQD4A==
  optionalDependencies:
    esbuild-android-arm64 "0.14.18"
    esbuild-darwin-64 "0.14.18"
    esbuild-darwin-arm64 "0.14.18"
    esbuild-freebsd-64 "0.14.18"
    esbuild-freebsd-arm64 "0.14.18"
    esbuild-linux-32 "0.14.18"
    esbuild-linux-64 "0.14.18"
    esbuild-linux-arm "0.14.18"
    esbuild-linux-arm64 "0.14.18"
    esbuild-linux-mips64le "0.14.18"
    esbuild-linux-ppc64le "0.14.18"
    esbuild-linux-s390x "0.14.18"
    esbuild-netbsd-64 "0.14.18"
    esbuild-openbsd-64 "0.14.18"
    esbuild-sunos-64 "0.14.18"
    esbuild-windows-32 "0.14.18"
    esbuild-windows-64 "0.14.18"
    esbuild-windows-arm64 "0.14.18"

make-error@^1.1.1:
  version "1.3.6"
  resolved "https://registry.yarnpkg.com/make-error/-/make-error-1.3.6.tgz#2eb2e37ea9b67c4891f684a1394799af484cf7a2"
  integrity sha512-s8UhlNe7vPKomQhC1qFelMokr/Sc3AgNbso3n74mVPA5LTZwkB9NlXf4XPamLxJE8h0gh73rM94xvwRT2CVInw==

ts-node@^10.5.0:
  version "10.5.0"
  resolved "https://registry.yarnpkg.com/ts-node/-/ts-node-10.5.0.tgz#618bef5854c1fbbedf5e31465cbb224a1d524ef9"
  integrity sha512-6kEJKwVxAJ35W4akuiysfKwKmjkbYxwQMTBaAxo9KKAx/Yd26mPUyhGz3ji+EsJoAgrLqVsYHNuuYwQe22lbtw==
  dependencies:
    "@cspotcode/source-map-support" "0.7.0"
    "@tsconfig/node10" "^1.0.7"
    "@tsconfig/node12" "^1.0.7"
    "@tsconfig/node14" "^1.0.0"
    "@tsconfig/node16" "^1.0.2"
    acorn "^8.4.1"
    acorn-walk "^8.1.1"
    arg "^4.1.0"
    create-require "^1.1.0"
    diff "^4.0.1"
    make-error "^1.1.1"
    v8-compile-cache-lib "^3.0.0"
    yn "3.1.1"

typescript@^4.5.5:
  version "4.5.5"
  resolved "https://registry.yarnpkg.com/typescript/-/typescript-4.5.5.tgz#d8c953832d28924a9e3d37c73d729c846c5896f3"
  integrity sha512-TCTIul70LyWe6IJWT8QSYeA54WQe8EjQFU4wY52Fasj5UKx88LNYKCgBEHcOMOrFF1rKGbD8v/xcNWVUq9SymA==

v8-compile-cache-lib@^3.0.0:
  version "3.0.0"
  resolved "https://registry.yarnpkg.com/v8-compile-cache-lib/-/v8-compile-cache-lib-3.0.0.tgz#0582bcb1c74f3a2ee46487ceecf372e46bce53e8"
  integrity sha512-mpSYqfsFvASnSn5qMiwrr4VKfumbPyONLCOPmsR3A6pTY/r0+tSaVbgPWSAIuzbk3lCTa+FForeTiO+wBQGkjA==

yn@3.1.1:
  version "3.1.1"
  resolved "https://registry.yarnpkg.com/yn/-/yn-3.1.1.tgz#1e87401a09d767c1d5eab26a6e4c185182d2eb50"
  integrity sha512-Ux4ygGWsu2c7isFWe8Yu1YluJmqVhxqK2cLXNQA5AcC3QfbGNpM7fu0Y8b/z16pXLnFxZYvWhd3fhBY9DLmC6Q==
